// !$*UTF8*$!
{
 archiveVersion = 1;
 classes = {};
 objectVersion = 56;
 objects = {
 A10000000000000000000001 = {isa = PBXProject; buildConfigurationList = A10000000000000000000002; compatibilityVersion = "Xcode 14.0"; developmentRegion = en; knownRegions = (en, Base); mainGroup = A10000000000000000000003; productRefGroup = A10000000000000000000004; projectDirPath = ""; projectRoot = ""; targets = (A10000000000000000000005); packageReferences = (A10000000000000000000020); };
 A10000000000000000000002 = {isa = XCConfigurationList; buildConfigurations = (A10000000000000000000006, A10000000000000000000007); defaultConfigurationIsVisible = 0; defaultConfigurationName = Release; };
 A10000000000000000000003 = {isa = PBXGroup; children = (A10000000000000000000008, A10000000000000000000004); sourceTree = "<group>"; };
 A10000000000000000000004 = {isa = PBXGroup; children = (A10000000000000000000009); name = Products; sourceTree = "<group>"; };
 A10000000000000000000005 = {isa = PBXNativeTarget; buildConfigurationList = A10000000000000000000010; buildPhases = (A10000000000000000000011, A10000000000000000000012, A10000000000000000000013); buildRules = (); dependencies = (); name = Sotto; productName = Sotto; productReference = A10000000000000000000009; productType = "com.apple.product-type.application"; packageProductDependencies = (A10000000000000000000021); };
 A10000000000000000000006 = {isa = XCBuildConfiguration; name = Debug; buildSettings = {SDKROOT = iphoneos; SWIFT_VERSION = 6.0; IPHONEOS_DEPLOYMENT_TARGET = 17.0; SWIFT_OPTIMIZATION_LEVEL = "-Onone"; DEBUG_INFORMATION_FORMAT = dwarf; }; };
 A10000000000000000000007 = {isa = XCBuildConfiguration; name = Release; buildSettings = {SDKROOT = iphoneos; SWIFT_VERSION = 6.0; IPHONEOS_DEPLOYMENT_TARGET = 17.0; SWIFT_COMPILATION_MODE = wholemodule; SWIFT_OPTIMIZATION_LEVEL = "-O"; }; };
 A10000000000000000000008 = {isa = PBXFileReference; lastKnownFileType = sourcecode.swift; path = SottoApp.swift; sourceTree = "<group>"; };
 A10000000000000000000009 = {isa = PBXFileReference; explicitFileType = wrapper.application; includeInIndex = 0; path = Sotto.app; sourceTree = BUILT_PRODUCTS_DIR; };
 A10000000000000000000010 = {isa = XCConfigurationList; buildConfigurations = (A10000000000000000000014, A10000000000000000000015); defaultConfigurationIsVisible = 0; defaultConfigurationName = Release; };
 A10000000000000000000011 = {isa = PBXSourcesBuildPhase; buildActionMask = 2147483647; files = (A10000000000000000000016); runOnlyForDeploymentPostprocessing = 0; };
 A10000000000000000000012 = {isa = PBXFrameworksBuildPhase; buildActionMask = 2147483647; files = (A10000000000000000000022); runOnlyForDeploymentPostprocessing = 0; };
 A10000000000000000000013 = {isa = PBXResourcesBuildPhase; buildActionMask = 2147483647; files = (); runOnlyForDeploymentPostprocessing = 0; };
 A10000000000000000000014 = {isa = XCBuildConfiguration; name = Debug; buildSettings = {PRODUCT_BUNDLE_IDENTIFIER = dev.sotto.notes; PRODUCT_NAME = "$(TARGET_NAME)"; TARGETED_DEVICE_FAMILY = "1,2"; GENERATE_INFOPLIST_FILE = YES; INFOPLIST_KEY_NSMicrophoneUsageDescription = "Sotto records voice notes you start, retains their audio, and sends it to Groq for transcription."; INFOPLIST_KEY_UIFileSharingEnabled = YES; INFOPLIST_KEY_LSSupportsOpeningDocumentsInPlace = YES; INFOPLIST_KEY_UILaunchScreen_Generation = YES; INFOPLIST_KEY_UIApplicationSceneManifest_Generation = YES; CODE_SIGN_STYLE = Automatic; CURRENT_PROJECT_VERSION = 1; MARKETING_VERSION = 0.1.0; }; };
 A10000000000000000000015 = {isa = XCBuildConfiguration; name = Release; buildSettings = {PRODUCT_BUNDLE_IDENTIFIER = dev.sotto.notes; PRODUCT_NAME = "$(TARGET_NAME)"; TARGETED_DEVICE_FAMILY = "1,2"; GENERATE_INFOPLIST_FILE = YES; INFOPLIST_KEY_NSMicrophoneUsageDescription = "Sotto records voice notes you start, retains their audio, and sends it to Groq for transcription."; INFOPLIST_KEY_UIFileSharingEnabled = YES; INFOPLIST_KEY_LSSupportsOpeningDocumentsInPlace = YES; INFOPLIST_KEY_UILaunchScreen_Generation = YES; INFOPLIST_KEY_UIApplicationSceneManifest_Generation = YES; CODE_SIGN_STYLE = Automatic; CURRENT_PROJECT_VERSION = 1; MARKETING_VERSION = 0.1.0; }; };
 A10000000000000000000016 = {isa = PBXBuildFile; fileRef = A10000000000000000000008; };
 A10000000000000000000020 = {isa = XCLocalSwiftPackageReference; relativePath = ..; };
 A10000000000000000000021 = {isa = XCSwiftPackageProductDependency; package = A10000000000000000000020; productName = SottoCore; };
 A10000000000000000000022 = {isa = PBXBuildFile; productRef = A10000000000000000000021; };
 };
 rootObject = A10000000000000000000001;
}
